// !$*UTF8*$!
{
	archiveVersion = 1;
	classes = {
	};
	objectVersion = 46;
	objects = {

/* Begin PBXBuildFile section */
		657D6A611C9A8D6B00725D9D /* AppDelegate.swift in Sources */ = {isa = PBXBuildFile; fileRef = 657D6A601C9A8D6B00725D9D /* AppDelegate.swift */; };
		657D6A631C9A8D6B00725D9D /* ViewController.swift in Sources */ = {isa = PBXBuildFile; fileRef = 657D6A621C9A8D6B00725D9D /* ViewController.swift */; };
		657D6A661C9A8D6B00725D9D /* Main.storyboard in Resources */ = {isa = PBXBuildFile; fileRef = 657D6A641C9A8D6B00725D9D /* Main.storyboard */; };
		657D6A681C9A8D6B00725D9D /* Assets.xcassets in Resources */ = {isa = PBXBuildFile; fileRef = 657D6A671C9A8D6B00725D9D /* Assets.xcassets */; };
		657D6A6B1C9A8D6B00725D9D /* LaunchScreen.storyboard in Resources */ = {isa = PBXBuildFile; fileRef = 657D6A691C9A8D6B00725D9D /* LaunchScreen.storyboard */; };
		657D6A761C9A8D6B00725D9D /* Swift01_StopWatchTests.swift in Sources */ = {isa = PBXBuildFile; fileRef = 657D6A751C9A8D6B00725D9D /* Swift01_StopWatchTests.swift */; };
/* End PBXBuildFile section */

/* Begin PBXContainerItemProxy section */
		657D6A721C9A8D6B00725D9D /* PBXContainerItemProxy */ = {
			isa = PBXContainerItemProxy;
			containerPortal = 657D6A551C9A8D6B00725D9D /* Project object */;
			proxyType = 1;
			remoteGlobalIDString = 657D6A5C1C9A8D6B00725D9D;
			remoteInfo = Swift01_StopWatch;
		};
/* End PBXContainerItemProxy section */

/* Begin PBXFileReference section */
		657D6A5D1C9A8D6B00725D9D /* Swift01_StopWatch.app */ = {isa = PBXFileReference; explicitFileType = wrapper.application; includeInIndex = 0; path = Swift01_StopWatch.app; sourceTree = BUILT_PRODUCTS_DIR; };
		657D6A601C9A8D6B00725D9D /* AppDelegate.swift */ = {isa = PBXFileReference; lastKnownFileType = sourcecode.swift; path = AppDelegate.swift; sourceTree = "<group>"; };
		657D6A621C9A8D6B00725D9D /* ViewController.swift */ = {isa = PBXFileReference; lastKnownFileType = sourcecode.swift; path = ViewController.swift; sourceTree = "<group>"; };
		657D6A651C9A8D6B00725D9D /* Base */ = {isa = PBXFileReference; lastKnownFileType = file.storyboard; name = Base; path = Base.lproj/Main.storyboard; sourceTree = "<group>"; };
		657D6A671C9A8D6B00725D9D /* Assets.xcassets */ = {isa = PBXFileReference; lastKnownFileType = folder.assetcatalog; path = Assets.xcassets; sourceTree = "<group>"; };
		657D6A6A1C9A8D6B00725D9D /* Base */ = {isa = PBXFileReference; lastKnownFileType = file.storyboard; name = Base; path = Base.lproj/LaunchScreen.storyboard; sourceTree = "<group>"; };
		657D6A6C1C9A8D6B00725D9D /* Info.plist */ = {isa = PBXFileReference; lastKnownFileType = text.plist.xml; path = Info.plist; sourceTree = "<group>"; };
		657D6A711C9A8D6B00725D9D /* Swift01_StopWatchTests.xctest */ = {isa = PBXFileReference; explicitFileType = wrapper.cfbundle; includeInIndex = 0; path = Swift01_StopWatchTests.xctest; sourceTree = BUILT_PRODUCTS_DIR; };
		657D6A751C9A8D6B00725D9D /* Swift01_StopWatchTests.swift */ = {isa = PBXFileReference; lastKnownFileType = sourcecode.swift; path = Swift01_StopWatchTests.swift; sourceTree = "<group>"; };
		657D6A771C9A8D6B00725D9D /* Info.plist */ = {isa = PBXFileReference; lastKnownFileType = text.plist.xml; path = Info.plist; sourceTree = "<group>"; };
/* End PBXFileReference section */

/* Begin PBXFrameworksBuildPhase section */
		657D6A5A1C9A8D6B00725D9D /* Frameworks */ = {
			isa = PBXFrameworksBuildPhase;
			buildActionMask = 2147483647;
			files = (
			);
			runOnlyForDeploymentPostprocessing = 0;
		};
		657D6A6E1C9A8D6B00725D9D /* Frameworks */ = {
			isa = PBXFrameworksBuildPhase;
			buildActionMask = 2147483647;
			files = (
			);
			runOnlyForDeploymentPostprocessing = 0;
		};
/* End PBXFrameworksBuildPhase section */

/* Begin PBXGroup section */
		657D6A541C9A8D6B00725D9D = {
			isa = PBXGroup;
			children = (
				657D6A5F1C9A8D6B00725D9D /* Swift01_StopWatch */,
				657D6A741C9A8D6B00725D9D /* Swift01_StopWatchTests */,
				657D6A5E1C9A8D6B00725D9D /* Products */,
			);
			sourceTree = "<group>";
		};
		657D6A5E1C9A8D6B00725D9D /* Products */ = {
			isa = PBXGroup;
			children = (
				657D6A5D1C9A8D6B00725D9D /* Swift01_StopWatch.app */,
				657D6A711C9A8D6B00725D9D /* Swift01_StopWatchTests.xctest */,
			);
			name = Products;
			sourceTree = "<group>";
		};
		657D6A5F1C9A8D6B00725D9D /* Swift01_StopWatch */ = {
			isa = PBXGroup;
			children = (
				657D6A601C9A8D6B00725D9D /* AppDelegate.swift */,
				657D6A621C9A8D6B00725D9D /* ViewController.swift */,
				657D6A641C9A8D6B00725D9D /* Main.storyboard */,
				657D6A671C9A8D6B00725D9D /* Assets.xcassets */,
				657D6A691C9A8D6B00725D9D /* LaunchScreen.storyboard */,
				657D6A6C1C9A8D6B00725D9D /* Info.plist */,
			);
			path = Swift01_StopWatch;
			sourceTree = "<group>";
		};
		657D6A741C9A8D6B00725D9D /* Swift01_StopWatchTests */ = {
			isa = PBXGroup;
			children = (
				657D6A751C9A8D6B00725D9D /* Swift01_StopWatchTests.swift */,
				657D6A771C9A8D6B00725D9D /* Info.plist */,
			);
			path = Swift01_StopWatchTests;
			sourceTree = "<group>";
		};
/* End PBXGroup section */

/* Begin PBXNativeTarget section */
		657D6A5C1C9A8D6B00725D9D /* Swift01_StopWatch */ = {
			isa = PBXNativeTarget;
			buildConfigurationList = 657D6A7A1C9A8D6B00725D9D /* Build configuration list for PBXNativeTarget "Swift01_StopWatch" */;
			buildPhases = (
				657D6A591C9A8D6B00725D9D /* Sources */,
				657D6A5A1C9A8D6B00725D9D /* Frameworks */,
				657D6A5B1C9A8D6B00725D9D /* Resources */,
			);
			buildRules = (
			);
			dependencies = (
			);
			name = Swift01_StopWatch;
			productName = Swift01_StopWatch;
			productReference = 657D6A5D1C9A8D6B00725D9D /* Swift01_StopWatch.app */;
			productType = "com.apple.product-type.application";
		};
		657D6A701C9A8D6B00725D9D /* Swift01_StopWatchTests */ = {
			isa = PBXNativeTarget;
			buildConfigurationList = 657D6A7D1C9A8D6B00725D9D /* Build configuration list for PBXNativeTarget "Swift01_StopWatchTests" */;
			buildPhases = (
				657D6A6D1C9A8D6B00725D9D /* Sources */,
				657D6A6E1C9A8D6B00725D9D /* Frameworks */,
				657D6A6F1C9A8D6B00725D9D /* Resources */,
			);
			buildRules = (
			);
			dependencies = (
				657D6A731C9A8D6B00725D9D /* PBXTargetDependency */,
			);
			name = Swift01_StopWatchTests;
			productName = Swift01_StopWatchTests;
			productReference = 657D6A711C9A8D6B00725D9D /* Swift01_StopWatchTests.xctest */;
			productType = "com.apple.product-type.bundle.unit-test";
		};
/* End PBXNativeTarget section */

/* Begin PBXProject section */
		657D6A551C9A8D6B00725D9D /* Project object */ = {
			isa = PBXProject;
			attributes = {
				LastUpgradeCheck = 0700;
				ORGANIZATIONNAME = winsan;
				TargetAttributes = {
					657D6A5C1C9A8D6B00725D9D = {
						CreatedOnToolsVersion = 7.0.1;
					};
					657D6A701C9A8D6B00725D9D = {
						CreatedOnToolsVersion = 7.0.1;
						TestTargetID = 657D6A5C1C9A8D6B00725D9D;
					};
				};
			};
			buildConfigurationList = 657D6A581C9A8D6B00725D9D /* Build configuration list for PBXProject "Swift01_StopWatch" */;
			compatibilityVersion = "Xcode 3.2";
			developmentRegion = English;
			hasScannedForEncodings = 0;
			knownRegions = (
				en,
				Base,
			);
			mainGroup = 657D6A541C9A8D6B00725D9D;
			productRefGroup = 657D6A5E1C9A8D6B00725D9D /* Products */;
			projectDirPath = "";
			projectRoot = "";
			targets = (
				657D6A5C1C9A8D6B00725D9D /* Swift01_StopWatch */,
				657D6A701C9A8D6B00725D9D /* Swift01_StopWatchTests */,
			);
		};
/* End PBXProject section */

/* Begin PBXResourcesBuildPhase section */
		657D6A5B1C9A8D6B00725D9D /* Resources */ = {
			isa = PBXResourcesBuildPhase;
			buildActionMask = 2147483647;
			files = (
				657D6A6B1C9A8D6B00725D9D /* LaunchScreen.storyboard in Resources */,
				657D6A681C9A8D6B00725D9D /* Assets.xcassets in Resources */,
				657D6A661C9A8D6B00725D9D /* Main.storyboard in Resources */,
			);
			runOnlyForDeploymentPostprocessing = 0;
		};
		657D6A6F1C9A8D6B00725D9D /* Resources */ = {
			isa = PBXResourcesBuildPhase;
			buildActionMask = 2147483647;
			files = (
			);
			runOnlyForDeploymentPostprocessing = 0;
		};
/* End PBXResourcesBuildPhase section */

/* Begin PBXSourcesBuildPhase section */
		657D6A591C9A8D6B00725D9D /* Sources */ = {
			isa = PBXSourcesBuildPhase;
			buildActionMask = 2147483647;
			files = (
				657D6A631C9A8D6B00725D9D /* ViewController.swift in Sources */,
				657D6A611C9A8D6B00725D9D /* AppDelegate.swift in Sources */,
			);
			runOnlyForDeploymentPostprocessing = 0;
		};
		657D6A6D1C9A8D6B00725D9D /* Sources */ = {
			isa = PBXSourcesBuildPhase;
			buildActionMask = 2147483647;
			files = (
				657D6A761C9A8D6B00725D9D /* Swift01_StopWatchTests.swift in Sources */,
			);
			runOnlyForDeploymentPostprocessing = 0;
		};
/* End PBXSourcesBuildPhase section */

/* Begin PBXTargetDependency section */
		657D6A731C9A8D6B00725D9D /* PBXTargetDependency */ = {
			isa = PBXTargetDependency;
			target = 657D6A5C1C9A8D6B00725D9D /* Swift01_StopWatch */;
			targetProxy = 657D6A721C9A8D6B00725D9D /* PBXContainerItemProxy */;
		};
/* End PBXTargetDependency section */

/* Begin PBXVariantGroup section */
		657D6A641C9A8D6B00725D9D /* Main.storyboard */ = {
			isa = PBXVariantGroup;
			children = (
				657D6A651C9A8D6B00725D9D /* Base */,
			);
			name = Main.storyboard;
			sourceTree = "<group>";
		};
		657D6A691C9A8D6B00725D9D /* LaunchScreen.storyboard */ = {
			isa = PBXVariantGroup;
			children = (
				657D6A6A1C9A8D6B00725D9D /* Base */,
			);
			name = LaunchScreen.storyboard;
			sourceTree = "<group>";
		};
/* End PBXVariantGroup section */

/* Begin XCBuildConfiguration section */
		657D6A781C9A8D6B00725D9D /* Debug */ = {
			isa = XCBuildConfiguration;
			buildSettings = {
				ALWAYS_SEARCH_USER_PATHS = NO;
				CLANG_CXX_LANGUAGE_STANDARD = "gnu++0x";
				CLANG_CXX_LIBRARY = "libc++";
				CLANG_ENABLE_MODULES = YES;
				CLANG_ENABLE_OBJC_ARC = YES;
				CLANG_WARN_BOOL_CONVERSION = YES;
				CLANG_WARN_CONSTANT_CONVERSION = YES;
				CLANG_WARN_DIRECT_OBJC_ISA_USAGE = YES_ERROR;
				CLANG_WARN_EMPTY_BODY = YES;
				CLANG_WARN_ENUM_CONVERSION = YES;
				CLANG_WARN_INT_CONVERSION = YES;
				CLANG_WARN_OBJC_ROOT_CLASS = YES_ERROR;
				CLANG_WARN_UNREACHABLE_CODE = YES;
				CLANG_WARN__DUPLICATE_METHOD_MATCH = YES;
				"CODE_SIGN_IDENTITY[sdk=iphoneos*]" = "iPhone Developer";
				COPY_PHASE_STRIP = NO;
				DEBUG_INFORMATION_FORMAT = dwarf;
				ENABLE_STRICT_OBJC_MSGSEND = YES;
				ENABLE_TESTABILITY = YES;
				GCC_C_LANGUAGE_STANDARD = gnu99;
				GCC_DYNAMIC_NO_PIC = NO;
				GCC_NO_COMMON_BLOCKS = YES;
				GCC_OPTIMIZATION_LEVEL = 0;
				GCC_PREPROCESSOR_DEFINITIONS = (
					"DEBUG=1",
					"$(inherited)",
				);
				GCC_WARN_64_TO_32_BIT_CONVERSION = YES;
				GCC_WARN_ABOUT_RETURN_TYPE = YES_ERROR;
				GCC_WARN_UNDECLARED_SELECTOR = YES;
				GCC_WARN_UNINITIALIZED_AUTOS = YES_AGGRESSIVE;
				GCC_WARN_UNUSED_FUNCTION = YES;
				GCC_WARN_UNUSED_VARIABLE = YES;
				IPHONEOS_DEPLOYMENT_TARGET = 9.0;
				MTL_ENABLE_DEBUG_INFO = YES;
				ONLY_ACTIVE_ARCH = YES;
				SDKROOT = iphoneos;
				SWIFT_OPTIMIZATION_LEVEL = "-Onone";
			};
			name = Debug;
		};
		657D6A791C9A8D6B00725D9D /* Release */ = {
			isa = XCBuildConfiguration;
			buildSettings = {
				ALWAYS_SEARCH_USER_PATHS = NO;
				CLANG_CXX_LANGUAGE_STANDARD = "gnu++0x";
				CLANG_CXX_LIBRARY = "libc++";
				CLANG_ENABLE_MODULES = YES;
				CLANG_ENABLE_OBJC_ARC = YES;
				CLANG_WARN_BOOL_CONVERSION = YES;
				CLANG_WARN_CONSTANT_CONVERSION = YES;
				CLANG_WARN_DIRECT_OBJC_ISA_USAGE = YES_ERROR;
				CLANG_WARN_EMPTY_BODY = YES;
				CLANG_WARN_ENUM_CONVERSION = YES;
				CLANG_WARN_INT_CONVERSION = YES;
				CLANG_WARN_OBJC_ROOT_CLASS = YES_ERROR;
				CLANG_WARN_UNREACHABLE_CODE = YES;
				CLANG_WARN__DUPLICATE_METHOD_MATCH = YES;
				"CODE_SIGN_IDENTITY[sdk=iphoneos*]" = "iPhone Developer";
				COPY_PHASE_STRIP = NO;
				DEBUG_INFORMATION_FORMAT = "dwarf-with-dsym";
				ENABLE_NS_ASSERTIONS = NO;
				ENABLE_STRICT_OBJC_MSGSEND = YES;
				GCC_C_LANGUAGE_STANDARD = gnu99;
				GCC_NO_COMMON_BLOCKS = YES;
				GCC_WARN_64_TO_32_BIT_CONVERSION = YES;
				GCC_WARN_ABOUT_RETURN_TYPE = YES_ERROR;
				GCC_WARN_UNDECLARED_SELECTOR = YES;
				GCC_WARN_UNINITIALIZED_AUTOS = YES_AGGRESSIVE;
				GCC_WARN_UNUSED_FUNCTION = YES;
				GCC_WARN_UNUSED_VARIABLE = YES;
				IPHONEOS_DEPLOYMENT_TARGET = 9.0;
				MTL_ENABLE_DEBUG_INFO = NO;
				SDKROOT = iphoneos;
				VALIDATE_PRODUCT = YES;
			};
			name = Release;
		};
		657D6A7B1C9A8D6B00725D9D /* Debug */ = {
			isa = XCBuildConfiguration;
			buildSettings = {
				ASSETCATALOG_COMPILER_APPICON_NAME = AppIcon;
				INFOPLIST_FILE = Swift01_StopWatch/Info.plist;
				LD_RUNPATH_SEARCH_PATHS = "$(inherited) @executable_path/Frameworks";
				PRODUCT_BUNDLE_IDENTIFIER = "com.winsan.Swift01-StopWatch";
				PRODUCT_NAME = "$(TARGET_NAME)";
			};
			name = Debug;
		};
		657D6A7C1C9A8D6B00725D9D /* Release */ = {
			isa = XCBuildConfiguration;
			buildSettings = {
				ASSETCATALOG_COMPILER_APPICON_NAME = AppIcon;
				INFOPLIST_FILE = Swift01_StopWatch/Info.plist;
				LD_RUNPATH_SEARCH_PATHS = "$(inherited) @executable_path/Frameworks";
				PRODUCT_BUNDLE_IDENTIFIER = "com.winsan.Swift01-StopWatch";
				PRODUCT_NAME = "$(TARGET_NAME)";
			};
			name = Release;
		};
		657D6A7E1C9A8D6B00725D9D /* Debug */ = {
			isa = XCBuildConfiguration;
			buildSettings = {
				BUNDLE_LOADER = "$(TEST_HOST)";
				INFOPLIST_FILE = Swift01_StopWatchTests/Info.plist;
				LD_RUNPATH_SEARCH_PATHS = "$(inherited) @executable_path/Frameworks @loader_path/Frameworks";
				PRODUCT_BUNDLE_IDENTIFIER = "com.winsan.Swift01-StopWatchTests";
				PRODUCT_NAME = "$(TARGET_NAME)";
				TEST_HOST = "$(BUILT_PRODUCTS_DIR)/Swift01_StopWatch.app/Swift01_StopWatch";
			};
			name = Debug;
		};
		657D6A7F1C9A8D6B00725D9D /* Release */ = {
			isa = XCBuildConfiguration;
			buildSettings = {
				BUNDLE_LOADER = "$(TEST_HOST)";
				INFOPLIST_FILE = Swift01_StopWatchTests/Info.plist;
				LD_RUNPATH_SEARCH_PATHS = "$(inherited) @executable_path/Frameworks @loader_path/Frameworks";
				PRODUCT_BUNDLE_IDENTIFIER = "com.winsan.Swift01-StopWatchTests";
				PRODUCT_NAME = "$(TARGET_NAME)";
				TEST_HOST = "$(BUILT_PRODUCTS_DIR)/Swift01_StopWatch.app/Swift01_StopWatch";
			};
			name = Release;
		};
/* End XCBuildConfiguration section */

/* Begin XCConfigurationList section */
		657D6A581C9A8D6B00725D9D /* Build configuration list for PBXProject "Swift01_StopWatch" */ = {
			isa = XCConfigurationList;
			buildConfigurations = (
				657D6A781C9A8D6B00725D9D /* Debug */,
				657D6A791C9A8D6B00725D9D /* Release */,
			);
			defaultConfigurationIsVisible = 0;
			defaultConfigurationName = Release;
		};
		657D6A7A1C9A8D6B00725D9D /* Build configuration list for PBXNativeTarget "Swift01_StopWatch" */ = {
			isa = XCConfigurationList;
			buildConfigurations = (
				657D6A7B1C9A8D6B00725D9D /* Debug */,
				657D6A7C1C9A8D6B00725D9D /* Release */,
			);
			defaultConfigurationIsVisible = 0;
		};
		657D6A7D1C9A8D6B00725D9D /* Build configuration list for PBXNativeTarget "Swift01_StopWatchTests" */ = {
			isa = XCConfigurationList;
			buildConfigurations = (
				657D6A7E1C9A8D6B00725D9D /* Debug */,
				657D6A7F1C9A8D6B00725D9D /* Release */,
			);
			defaultConfigurationIsVisible = 0;
		};
/* End XCConfigurationList section */
	};
	rootObject = 657D6A551C9A8D6B00725D9D /* Project object */;
}
