// !$*UTF8*$!
{
	archiveVersion = 1;
	classes = {
	};
	objectVersion = 46;
	objects = {

/* Begin PBXBuildFile section */
		653605CD1C97CD0900A67E3B /* main.m in Sources */ = {isa = PBXBuildFile; fileRef = 653605CC1C97CD0900A67E3B /* main.m */; };
		653605D01C97CD0900A67E3B /* CHXAppDelegate.m in Sources */ = {isa = PBXBuildFile; fileRef = 653605CF1C97CD0900A67E3B /* CHXAppDelegate.m */; };
		653605D31C97CD0900A67E3B /* CHXViewController.m in Sources */ = {isa = PBXBuildFile; fileRef = 653605D21C97CD0900A67E3B /* CHXViewController.m */; };
		653605D61C97CD0900A67E3B /* Main.storyboard in Resources */ = {isa = PBXBuildFile; fileRef = 653605D41C97CD0900A67E3B /* Main.storyboard */; };
		653605D81C97CD0900A67E3B /* Assets.xcassets in Resources */ = {isa = PBXBuildFile; fileRef = 653605D71C97CD0900A67E3B /* Assets.xcassets */; };
		653605DB1C97CD0900A67E3B /* LaunchScreen.storyboard in Resources */ = {isa = PBXBuildFile; fileRef = 653605D91C97CD0900A67E3B /* LaunchScreen.storyboard */; };
		653605E61C97CD0900A67E3B /* CHXFadeTransitionAnimationTests.m in Sources */ = {isa = PBXBuildFile; fileRef = 653605E51C97CD0900A67E3B /* CHXFadeTransitionAnimationTests.m */; };
		653605F51C97CDB400A67E3B /* CHXFadeTransitionAnimation.m in Sources */ = {isa = PBXBuildFile; fileRef = 653605F41C97CDB400A67E3B /* CHXFadeTransitionAnimation.m */; settings = {ASSET_TAGS = (); }; };
		653605F91C97D1BD00A67E3B /* FirstViewController.m in Sources */ = {isa = PBXBuildFile; fileRef = 653605F81C97D1BD00A67E3B /* FirstViewController.m */; settings = {ASSET_TAGS = (); }; };
		653605FC1C97D1C600A67E3B /* SecondViewController.m in Sources */ = {isa = PBXBuildFile; fileRef = 653605FB1C97D1C600A67E3B /* SecondViewController.m */; settings = {ASSET_TAGS = (); }; };
/* End PBXBuildFile section */

/* Begin PBXContainerItemProxy section */
		653605E21C97CD0900A67E3B /* PBXContainerItemProxy */ = {
			isa = PBXContainerItemProxy;
			containerPortal = 653605C01C97CD0900A67E3B /* Project object */;
			proxyType = 1;
			remoteGlobalIDString = 653605C71C97CD0900A67E3B;
			remoteInfo = CHXFadeTransitionAnimation;
		};
/* End PBXContainerItemProxy section */

/* Begin PBXFileReference section */
		653605C81C97CD0900A67E3B /* CHXFadeTransitionAnimation.app */ = {isa = PBXFileReference; explicitFileType = wrapper.application; includeInIndex = 0; path = CHXFadeTransitionAnimation.app; sourceTree = BUILT_PRODUCTS_DIR; };
		653605CC1C97CD0900A67E3B /* main.m */ = {isa = PBXFileReference; lastKnownFileType = sourcecode.c.objc; path = main.m; sourceTree = "<group>"; };
		653605CE1C97CD0900A67E3B /* CHXAppDelegate.h */ = {isa = PBXFileReference; lastKnownFileType = sourcecode.c.h; path = CHXAppDelegate.h; sourceTree = "<group>"; };
		653605CF1C97CD0900A67E3B /* CHXAppDelegate.m */ = {isa = PBXFileReference; lastKnownFileType = sourcecode.c.objc; path = CHXAppDelegate.m; sourceTree = "<group>"; };
		653605D11C97CD0900A67E3B /* CHXViewController.h */ = {isa = PBXFileReference; lastKnownFileType = sourcecode.c.h; path = CHXViewController.h; sourceTree = "<group>"; };
		653605D21C97CD0900A67E3B /* CHXViewController.m */ = {isa = PBXFileReference; lastKnownFileType = sourcecode.c.objc; path = CHXViewController.m; sourceTree = "<group>"; };
		653605D51C97CD0900A67E3B /* Base */ = {isa = PBXFileReference; lastKnownFileType = file.storyboard; name = Base; path = Base.lproj/Main.storyboard; sourceTree = "<group>"; };
		653605D71C97CD0900A67E3B /* Assets.xcassets */ = {isa = PBXFileReference; lastKnownFileType = folder.assetcatalog; path = Assets.xcassets; sourceTree = "<group>"; };
		653605DA1C97CD0900A67E3B /* Base */ = {isa = PBXFileReference; lastKnownFileType = file.storyboard; name = Base; path = Base.lproj/LaunchScreen.storyboard; sourceTree = "<group>"; };
		653605DC1C97CD0900A67E3B /* Info.plist */ = {isa = PBXFileReference; lastKnownFileType = text.plist.xml; path = Info.plist; sourceTree = "<group>"; };
		653605E11C97CD0900A67E3B /* CHXFadeTransitionAnimationTests.xctest */ = {isa = PBXFileReference; explicitFileType = wrapper.cfbundle; includeInIndex = 0; path = CHXFadeTransitionAnimationTests.xctest; sourceTree = BUILT_PRODUCTS_DIR; };
		653605E51C97CD0900A67E3B /* CHXFadeTransitionAnimationTests.m */ = {isa = PBXFileReference; lastKnownFileType = sourcecode.c.objc; path = CHXFadeTransitionAnimationTests.m; sourceTree = "<group>"; };
		653605E71C97CD0900A67E3B /* Info.plist */ = {isa = PBXFileReference; lastKnownFileType = text.plist.xml; path = Info.plist; sourceTree = "<group>"; };
		653605F31C97CDB400A67E3B /* CHXFadeTransitionAnimation.h */ = {isa = PBXFileReference; fileEncoding = 4; lastKnownFileType = sourcecode.c.h; path = CHXFadeTransitionAnimation.h; sourceTree = "<group>"; };
		653605F41C97CDB400A67E3B /* CHXFadeTransitionAnimation.m */ = {isa = PBXFileReference; fileEncoding = 4; lastKnownFileType = sourcecode.c.objc; path = CHXFadeTransitionAnimation.m; sourceTree = "<group>"; };
		653605F71C97D1BD00A67E3B /* FirstViewController.h */ = {isa = PBXFileReference; fileEncoding = 4; lastKnownFileType = sourcecode.c.h; path = FirstViewController.h; sourceTree = "<group>"; };
		653605F81C97D1BD00A67E3B /* FirstViewController.m */ = {isa = PBXFileReference; fileEncoding = 4; lastKnownFileType = sourcecode.c.objc; path = FirstViewController.m; sourceTree = "<group>"; };
		653605FA1C97D1C600A67E3B /* SecondViewController.h */ = {isa = PBXFileReference; fileEncoding = 4; lastKnownFileType = sourcecode.c.h; path = SecondViewController.h; sourceTree = "<group>"; };
		653605FB1C97D1C600A67E3B /* SecondViewController.m */ = {isa = PBXFileReference; fileEncoding = 4; lastKnownFileType = sourcecode.c.objc; path = SecondViewController.m; sourceTree = "<group>"; };
/* End PBXFileReference section */

/* Begin PBXFrameworksBuildPhase section */
		653605C51C97CD0900A67E3B /* Frameworks */ = {
			isa = PBXFrameworksBuildPhase;
			buildActionMask = 2147483647;
			files = (
			);
			runOnlyForDeploymentPostprocessing = 0;
		};
		653605DE1C97CD0900A67E3B /* Frameworks */ = {
			isa = PBXFrameworksBuildPhase;
			buildActionMask = 2147483647;
			files = (
			);
			runOnlyForDeploymentPostprocessing = 0;
		};
/* End PBXFrameworksBuildPhase section */

/* Begin PBXGroup section */
		653605BF1C97CD0900A67E3B = {
			isa = PBXGroup;
			children = (
				653605CA1C97CD0900A67E3B /* CHXFadeTransitionAnimation */,
				653605E41C97CD0900A67E3B /* CHXFadeTransitionAnimationTests */,
				653605C91C97CD0900A67E3B /* Products */,
			);
			sourceTree = "<group>";
		};
		653605C91C97CD0900A67E3B /* Products */ = {
			isa = PBXGroup;
			children = (
				653605C81C97CD0900A67E3B /* CHXFadeTransitionAnimation.app */,
				653605E11C97CD0900A67E3B /* CHXFadeTransitionAnimationTests.xctest */,
			);
			name = Products;
			sourceTree = "<group>";
		};
		653605CA1C97CD0900A67E3B /* CHXFadeTransitionAnimation */ = {
			isa = PBXGroup;
			children = (
				653605F61C97CDBB00A67E3B /* Class */,
				653605CE1C97CD0900A67E3B /* CHXAppDelegate.h */,
				653605CF1C97CD0900A67E3B /* CHXAppDelegate.m */,
				653605D11C97CD0900A67E3B /* CHXViewController.h */,
				653605D21C97CD0900A67E3B /* CHXViewController.m */,
				653605F71C97D1BD00A67E3B /* FirstViewController.h */,
				653605F81C97D1BD00A67E3B /* FirstViewController.m */,
				653605FA1C97D1C600A67E3B /* SecondViewController.h */,
				653605FB1C97D1C600A67E3B /* SecondViewController.m */,
				653605CB1C97CD0900A67E3B /* Supporting Files */,
			);
			path = CHXFadeTransitionAnimation;
			sourceTree = "<group>";
		};
		653605CB1C97CD0900A67E3B /* Supporting Files */ = {
			isa = PBXGroup;
			children = (
				653605D41C97CD0900A67E3B /* Main.storyboard */,
				653605D71C97CD0900A67E3B /* Assets.xcassets */,
				653605D91C97CD0900A67E3B /* LaunchScreen.storyboard */,
				653605DC1C97CD0900A67E3B /* Info.plist */,
				653605CC1C97CD0900A67E3B /* main.m */,
			);
			name = "Supporting Files";
			sourceTree = "<group>";
		};
		653605E41C97CD0900A67E3B /* CHXFadeTransitionAnimationTests */ = {
			isa = PBXGroup;
			children = (
				653605E51C97CD0900A67E3B /* CHXFadeTransitionAnimationTests.m */,
				653605E71C97CD0900A67E3B /* Info.plist */,
			);
			path = CHXFadeTransitionAnimationTests;
			sourceTree = "<group>";
		};
		653605F61C97CDBB00A67E3B /* Class */ = {
			isa = PBXGroup;
			children = (
				653605F31C97CDB400A67E3B /* CHXFadeTransitionAnimation.h */,
				653605F41C97CDB400A67E3B /* CHXFadeTransitionAnimation.m */,
			);
			name = Class;
			sourceTree = "<group>";
		};
/* End PBXGroup section */

/* Begin PBXNativeTarget section */
		653605C71C97CD0900A67E3B /* CHXFadeTransitionAnimation */ = {
			isa = PBXNativeTarget;
			buildConfigurationList = 653605EA1C97CD0900A67E3B /* Build configuration list for PBXNativeTarget "CHXFadeTransitionAnimation" */;
			buildPhases = (
				653605C41C97CD0900A67E3B /* Sources */,
				653605C51C97CD0900A67E3B /* Frameworks */,
				653605C61C97CD0900A67E3B /* Resources */,
			);
			buildRules = (
			);
			dependencies = (
			);
			name = CHXFadeTransitionAnimation;
			productName = CHXFadeTransitionAnimation;
			productReference = 653605C81C97CD0900A67E3B /* CHXFadeTransitionAnimation.app */;
			productType = "com.apple.product-type.application";
		};
		653605E01C97CD0900A67E3B /* CHXFadeTransitionAnimationTests */ = {
			isa = PBXNativeTarget;
			buildConfigurationList = 653605ED1C97CD0900A67E3B /* Build configuration list for PBXNativeTarget "CHXFadeTransitionAnimationTests" */;
			buildPhases = (
				653605DD1C97CD0900A67E3B /* Sources */,
				653605DE1C97CD0900A67E3B /* Frameworks */,
				653605DF1C97CD0900A67E3B /* Resources */,
			);
			buildRules = (
			);
			dependencies = (
				653605E31C97CD0900A67E3B /* PBXTargetDependency */,
			);
			name = CHXFadeTransitionAnimationTests;
			productName = CHXFadeTransitionAnimationTests;
			productReference = 653605E11C97CD0900A67E3B /* CHXFadeTransitionAnimationTests.xctest */;
			productType = "com.apple.product-type.bundle.unit-test";
		};
/* End PBXNativeTarget section */

/* Begin PBXProject section */
		653605C01C97CD0900A67E3B /* Project object */ = {
			isa = PBXProject;
			attributes = {
				LastUpgradeCheck = 0700;
				ORGANIZATIONNAME = winsan;
				TargetAttributes = {
					653605C71C97CD0900A67E3B = {
						CreatedOnToolsVersion = 7.0.1;
					};
					653605E01C97CD0900A67E3B = {
						CreatedOnToolsVersion = 7.0.1;
						TestTargetID = 653605C71C97CD0900A67E3B;
					};
				};
			};
			buildConfigurationList = 653605C31C97CD0900A67E3B /* Build configuration list for PBXProject "CHXFadeTransitionAnimation" */;
			compatibilityVersion = "Xcode 3.2";
			developmentRegion = English;
			hasScannedForEncodings = 0;
			knownRegions = (
				en,
				Base,
			);
			mainGroup = 653605BF1C97CD0900A67E3B;
			productRefGroup = 653605C91C97CD0900A67E3B /* Products */;
			projectDirPath = "";
			projectRoot = "";
			targets = (
				653605C71C97CD0900A67E3B /* CHXFadeTransitionAnimation */,
				653605E01C97CD0900A67E3B /* CHXFadeTransitionAnimationTests */,
			);
		};
/* End PBXProject section */

/* Begin PBXResourcesBuildPhase section */
		653605C61C97CD0900A67E3B /* Resources */ = {
			isa = PBXResourcesBuildPhase;
			buildActionMask = 2147483647;
			files = (
				653605DB1C97CD0900A67E3B /* LaunchScreen.storyboard in Resources */,
				653605D81C97CD0900A67E3B /* Assets.xcassets in Resources */,
				653605D61C97CD0900A67E3B /* Main.storyboard in Resources */,
			);
			runOnlyForDeploymentPostprocessing = 0;
		};
		653605DF1C97CD0900A67E3B /* Resources */ = {
			isa = PBXResourcesBuildPhase;
			buildActionMask = 2147483647;
			files = (
			);
			runOnlyForDeploymentPostprocessing = 0;
		};
/* End PBXResourcesBuildPhase section */

/* Begin PBXSourcesBuildPhase section */
		653605C41C97CD0900A67E3B /* Sources */ = {
			isa = PBXSourcesBuildPhase;
			buildActionMask = 2147483647;
			files = (
				653605D31C97CD0900A67E3B /* CHXViewController.m in Sources */,
				653605F91C97D1BD00A67E3B /* FirstViewController.m in Sources */,
				653605F51C97CDB400A67E3B /* CHXFadeTransitionAnimation.m in Sources */,
				653605FC1C97D1C600A67E3B /* SecondViewController.m in Sources */,
				653605D01C97CD0900A67E3B /* CHXAppDelegate.m in Sources */,
				653605CD1C97CD0900A67E3B /* main.m in Sources */,
			);
			runOnlyForDeploymentPostprocessing = 0;
		};
		653605DD1C97CD0900A67E3B /* Sources */ = {
			isa = PBXSourcesBuildPhase;
			buildActionMask = 2147483647;
			files = (
				653605E61C97CD0900A67E3B /* CHXFadeTransitionAnimationTests.m in Sources */,
			);
			runOnlyForDeploymentPostprocessing = 0;
		};
/* End PBXSourcesBuildPhase section */

/* Begin PBXTargetDependency section */
		653605E31C97CD0900A67E3B /* PBXTargetDependency */ = {
			isa = PBXTargetDependency;
			target = 653605C71C97CD0900A67E3B /* CHXFadeTransitionAnimation */;
			targetProxy = 653605E21C97CD0900A67E3B /* PBXContainerItemProxy */;
		};
/* End PBXTargetDependency section */

/* Begin PBXVariantGroup section */
		653605D41C97CD0900A67E3B /* Main.storyboard */ = {
			isa = PBXVariantGroup;
			children = (
				653605D51C97CD0900A67E3B /* Base */,
			);
			name = Main.storyboard;
			sourceTree = "<group>";
		};
		653605D91C97CD0900A67E3B /* LaunchScreen.storyboard */ = {
			isa = PBXVariantGroup;
			children = (
				653605DA1C97CD0900A67E3B /* Base */,
			);
			name = LaunchScreen.storyboard;
			sourceTree = "<group>";
		};
/* End PBXVariantGroup section */

/* Begin XCBuildConfiguration section */
		653605E81C97CD0900A67E3B /* Debug */ = {
			isa = XCBuildConfiguration;
			buildSettings = {
				ALWAYS_SEARCH_USER_PATHS = NO;
				CLANG_CXX_LANGUAGE_STANDARD = "gnu++0x";
				CLANG_CXX_LIBRARY = "libc++";
				CLANG_ENABLE_MODULES = YES;
				CLANG_ENABLE_OBJC_ARC = YES;
				CLANG_WARN_BOOL_CONVERSION = YES;
				CLANG_WARN_CONSTANT_CONVERSION = YES;
				CLANG_WARN_DIRECT_OBJC_ISA_USAGE = YES_ERROR;
				CLANG_WARN_EMPTY_BODY = YES;
				CLANG_WARN_ENUM_CONVERSION = YES;
				CLANG_WARN_INT_CONVERSION = YES;
				CLANG_WARN_OBJC_ROOT_CLASS = YES_ERROR;
				CLANG_WARN_UNREACHABLE_CODE = YES;
				CLANG_WARN__DUPLICATE_METHOD_MATCH = YES;
				"CODE_SIGN_IDENTITY[sdk=iphoneos*]" = "iPhone Developer";
				COPY_PHASE_STRIP = NO;
				DEBUG_INFORMATION_FORMAT = dwarf;
				ENABLE_STRICT_OBJC_MSGSEND = YES;
				ENABLE_TESTABILITY = YES;
				GCC_C_LANGUAGE_STANDARD = gnu99;
				GCC_DYNAMIC_NO_PIC = NO;
				GCC_NO_COMMON_BLOCKS = YES;
				GCC_OPTIMIZATION_LEVEL = 0;
				GCC_PREPROCESSOR_DEFINITIONS = (
					"DEBUG=1",
					"$(inherited)",
				);
				GCC_WARN_64_TO_32_BIT_CONVERSION = YES;
				GCC_WARN_ABOUT_RETURN_TYPE = YES_ERROR;
				GCC_WARN_UNDECLARED_SELECTOR = YES;
				GCC_WARN_UNINITIALIZED_AUTOS = YES_AGGRESSIVE;
				GCC_WARN_UNUSED_FUNCTION = YES;
				GCC_WARN_UNUSED_VARIABLE = YES;
				IPHONEOS_DEPLOYMENT_TARGET = 9.0;
				MTL_ENABLE_DEBUG_INFO = YES;
				ONLY_ACTIVE_ARCH = YES;
				SDKROOT = iphoneos;
			};
			name = Debug;
		};
		653605E91C97CD0900A67E3B /* Release */ = {
			isa = XCBuildConfiguration;
			buildSettings = {
				ALWAYS_SEARCH_USER_PATHS = NO;
				CLANG_CXX_LANGUAGE_STANDARD = "gnu++0x";
				CLANG_CXX_LIBRARY = "libc++";
				CLANG_ENABLE_MODULES = YES;
				CLANG_ENABLE_OBJC_ARC = YES;
				CLANG_WARN_BOOL_CONVERSION = YES;
				CLANG_WARN_CONSTANT_CONVERSION = YES;
				CLANG_WARN_DIRECT_OBJC_ISA_USAGE = YES_ERROR;
				CLANG_WARN_EMPTY_BODY = YES;
				CLANG_WARN_ENUM_CONVERSION = YES;
				CLANG_WARN_INT_CONVERSION = YES;
				CLANG_WARN_OBJC_ROOT_CLASS = YES_ERROR;
				CLANG_WARN_UNREACHABLE_CODE = YES;
				CLANG_WARN__DUPLICATE_METHOD_MATCH = YES;
				"CODE_SIGN_IDENTITY[sdk=iphoneos*]" = "iPhone Developer";
				COPY_PHASE_STRIP = NO;
				DEBUG_INFORMATION_FORMAT = "dwarf-with-dsym";
				ENABLE_NS_ASSERTIONS = NO;
				ENABLE_STRICT_OBJC_MSGSEND = YES;
				GCC_C_LANGUAGE_STANDARD = gnu99;
				GCC_NO_COMMON_BLOCKS = YES;
				GCC_WARN_64_TO_32_BIT_CONVERSION = YES;
				GCC_WARN_ABOUT_RETURN_TYPE = YES_ERROR;
				GCC_WARN_UNDECLARED_SELECTOR = YES;
				GCC_WARN_UNINITIALIZED_AUTOS = YES_AGGRESSIVE;
				GCC_WARN_UNUSED_FUNCTION = YES;
				GCC_WARN_UNUSED_VARIABLE = YES;
				IPHONEOS_DEPLOYMENT_TARGET = 9.0;
				MTL_ENABLE_DEBUG_INFO = NO;
				SDKROOT = iphoneos;
				VALIDATE_PRODUCT = YES;
			};
			name = Release;
		};
		653605EB1C97CD0900A67E3B /* Debug */ = {
			isa = XCBuildConfiguration;
			buildSettings = {
				ASSETCATALOG_COMPILER_APPICON_NAME = AppIcon;
				INFOPLIST_FILE = CHXFadeTransitionAnimation/Info.plist;
				IPHONEOS_DEPLOYMENT_TARGET = 8.0;
				LD_RUNPATH_SEARCH_PATHS = "$(inherited) @executable_path/Frameworks";
				PRODUCT_BUNDLE_IDENTIFIER = com.winsan.CHXFadeTransitionAnimation;
				PRODUCT_NAME = "$(TARGET_NAME)";
			};
			name = Debug;
		};
		653605EC1C97CD0900A67E3B /* Release */ = {
			isa = XCBuildConfiguration;
			buildSettings = {
				ASSETCATALOG_COMPILER_APPICON_NAME = AppIcon;
				INFOPLIST_FILE = CHXFadeTransitionAnimation/Info.plist;
				IPHONEOS_DEPLOYMENT_TARGET = 8.0;
				LD_RUNPATH_SEARCH_PATHS = "$(inherited) @executable_path/Frameworks";
				PRODUCT_BUNDLE_IDENTIFIER = com.winsan.CHXFadeTransitionAnimation;
				PRODUCT_NAME = "$(TARGET_NAME)";
			};
			name = Release;
		};
		653605EE1C97CD0900A67E3B /* Debug */ = {
			isa = XCBuildConfiguration;
			buildSettings = {
				BUNDLE_LOADER = "$(TEST_HOST)";
				INFOPLIST_FILE = CHXFadeTransitionAnimationTests/Info.plist;
				LD_RUNPATH_SEARCH_PATHS = "$(inherited) @executable_path/Frameworks @loader_path/Frameworks";
				PRODUCT_BUNDLE_IDENTIFIER = com.winsan.CHXFadeTransitionAnimationTests;
				PRODUCT_NAME = "$(TARGET_NAME)";
				TEST_HOST = "$(BUILT_PRODUCTS_DIR)/CHXFadeTransitionAnimation.app/CHXFadeTransitionAnimation";
			};
			name = Debug;
		};
		653605EF1C97CD0900A67E3B /* Release */ = {
			isa = XCBuildConfiguration;
			buildSettings = {
				BUNDLE_LOADER = "$(TEST_HOST)";
				INFOPLIST_FILE = CHXFadeTransitionAnimationTests/Info.plist;
				LD_RUNPATH_SEARCH_PATHS = "$(inherited) @executable_path/Frameworks @loader_path/Frameworks";
				PRODUCT_BUNDLE_IDENTIFIER = com.winsan.CHXFadeTransitionAnimationTests;
				PRODUCT_NAME = "$(TARGET_NAME)";
				TEST_HOST = "$(BUILT_PRODUCTS_DIR)/CHXFadeTransitionAnimation.app/CHXFadeTransitionAnimation";
			};
			name = Release;
		};
/* End XCBuildConfiguration section */

/* Begin XCConfigurationList section */
		653605C31C97CD0900A67E3B /* Build configuration list for PBXProject "CHXFadeTransitionAnimation" */ = {
			isa = XCConfigurationList;
			buildConfigurations = (
				653605E81C97CD0900A67E3B /* Debug */,
				653605E91C97CD0900A67E3B /* Release */,
			);
			defaultConfigurationIsVisible = 0;
			defaultConfigurationName = Release;
		};
		653605EA1C97CD0900A67E3B /* Build configuration list for PBXNativeTarget "CHXFadeTransitionAnimation" */ = {
			isa = XCConfigurationList;
			buildConfigurations = (
				653605EB1C97CD0900A67E3B /* Debug */,
				653605EC1C97CD0900A67E3B /* Release */,
			);
			defaultConfigurationIsVisible = 0;
			defaultConfigurationName = Release;
		};
		653605ED1C97CD0900A67E3B /* Build configuration list for PBXNativeTarget "CHXFadeTransitionAnimationTests" */ = {
			isa = XCConfigurationList;
			buildConfigurations = (
				653605EE1C97CD0900A67E3B /* Debug */,
				653605EF1C97CD0900A67E3B /* Release */,
			);
			defaultConfigurationIsVisible = 0;
			defaultConfigurationName = Release;
		};
/* End XCConfigurationList section */
	};
	rootObject = 653605C01C97CD0900A67E3B /* Project object */;
}
