// !$*UTF8*$!
{
	archiveVersion = 1;
	classes = {
	};
	objectVersion = 46;
	objects = {

/* Begin PBXBuildFile section */
		2986A1121E85121000CDF250 /* AppDelegate.swift in Sources */ = {isa = PBXBuildFile; fileRef = 2986A1111E85121000CDF250 /* AppDelegate.swift */; };
		2986A1141E85121000CDF250 /* ViewController.swift in Sources */ = {isa = PBXBuildFile; fileRef = 2986A1131E85121000CDF250 /* ViewController.swift */; };
		2986A1171E85121000CDF250 /* Main.storyboard in Resources */ = {isa = PBXBuildFile; fileRef = 2986A1151E85121000CDF250 /* Main.storyboard */; };
		2986A11A1E85121000CDF250 /* HitList.xcdatamodeld in Sources */ = {isa = PBXBuildFile; fileRef = 2986A1181E85121000CDF250 /* HitList.xcdatamodeld */; };
		2986A11C1E85121000CDF250 /* Assets.xcassets in Resources */ = {isa = PBXBuildFile; fileRef = 2986A11B1E85121000CDF250 /* Assets.xcassets */; };
		2986A11F1E85121000CDF250 /* LaunchScreen.storyboard in Resources */ = {isa = PBXBuildFile; fileRef = 2986A11D1E85121000CDF250 /* LaunchScreen.storyboard */; };
		2986A12A1E85121100CDF250 /* HitListTests.swift in Sources */ = {isa = PBXBuildFile; fileRef = 2986A1291E85121100CDF250 /* HitListTests.swift */; };
		2986A1351E85121100CDF250 /* HitListUITests.swift in Sources */ = {isa = PBXBuildFile; fileRef = 2986A1341E85121100CDF250 /* HitListUITests.swift */; };
		2986A1431E85211900CDF250 /* DetailViewController.swift in Sources */ = {isa = PBXBuildFile; fileRef = 2986A1421E85211900CDF250 /* DetailViewController.swift */; };
/* End PBXBuildFile section */

/* Begin PBXContainerItemProxy section */
		2986A1261E85121100CDF250 /* PBXContainerItemProxy */ = {
			isa = PBXContainerItemProxy;
			containerPortal = 2986A1061E85121000CDF250 /* Project object */;
			proxyType = 1;
			remoteGlobalIDString = 2986A10D1E85121000CDF250;
			remoteInfo = HitList;
		};
		2986A1311E85121100CDF250 /* PBXContainerItemProxy */ = {
			isa = PBXContainerItemProxy;
			containerPortal = 2986A1061E85121000CDF250 /* Project object */;
			proxyType = 1;
			remoteGlobalIDString = 2986A10D1E85121000CDF250;
			remoteInfo = HitList;
		};
/* End PBXContainerItemProxy section */

/* Begin PBXFileReference section */
		2986A10E1E85121000CDF250 /* HitList.app */ = {isa = PBXFileReference; explicitFileType = wrapper.application; includeInIndex = 0; path = HitList.app; sourceTree = BUILT_PRODUCTS_DIR; };
		2986A1111E85121000CDF250 /* AppDelegate.swift */ = {isa = PBXFileReference; lastKnownFileType = sourcecode.swift; path = AppDelegate.swift; sourceTree = "<group>"; };
		2986A1131E85121000CDF250 /* ViewController.swift */ = {isa = PBXFileReference; lastKnownFileType = sourcecode.swift; path = ViewController.swift; sourceTree = "<group>"; };
		2986A1161E85121000CDF250 /* Base */ = {isa = PBXFileReference; lastKnownFileType = file.storyboard; name = Base; path = Base.lproj/Main.storyboard; sourceTree = "<group>"; };
		2986A1191E85121000CDF250 /* HitList.xcdatamodel */ = {isa = PBXFileReference; lastKnownFileType = wrapper.xcdatamodel; path = HitList.xcdatamodel; sourceTree = "<group>"; };
		2986A11B1E85121000CDF250 /* Assets.xcassets */ = {isa = PBXFileReference; lastKnownFileType = folder.assetcatalog; path = Assets.xcassets; sourceTree = "<group>"; };
		2986A11E1E85121000CDF250 /* Base */ = {isa = PBXFileReference; lastKnownFileType = file.storyboard; name = Base; path = Base.lproj/LaunchScreen.storyboard; sourceTree = "<group>"; };
		2986A1201E85121000CDF250 /* Info.plist */ = {isa = PBXFileReference; lastKnownFileType = text.plist.xml; path = Info.plist; sourceTree = "<group>"; };
		2986A1251E85121100CDF250 /* HitListTests.xctest */ = {isa = PBXFileReference; explicitFileType = wrapper.cfbundle; includeInIndex = 0; path = HitListTests.xctest; sourceTree = BUILT_PRODUCTS_DIR; };
		2986A1291E85121100CDF250 /* HitListTests.swift */ = {isa = PBXFileReference; lastKnownFileType = sourcecode.swift; path = HitListTests.swift; sourceTree = "<group>"; };
		2986A12B1E85121100CDF250 /* Info.plist */ = {isa = PBXFileReference; lastKnownFileType = text.plist.xml; path = Info.plist; sourceTree = "<group>"; };
		2986A1301E85121100CDF250 /* HitListUITests.xctest */ = {isa = PBXFileReference; explicitFileType = wrapper.cfbundle; includeInIndex = 0; path = HitListUITests.xctest; sourceTree = BUILT_PRODUCTS_DIR; };
		2986A1341E85121100CDF250 /* HitListUITests.swift */ = {isa = PBXFileReference; lastKnownFileType = sourcecode.swift; path = HitListUITests.swift; sourceTree = "<group>"; };
		2986A1361E85121100CDF250 /* Info.plist */ = {isa = PBXFileReference; lastKnownFileType = text.plist.xml; path = Info.plist; sourceTree = "<group>"; };
		2986A1421E85211900CDF250 /* DetailViewController.swift */ = {isa = PBXFileReference; fileEncoding = 4; lastKnownFileType = sourcecode.swift; path = DetailViewController.swift; sourceTree = "<group>"; };
/* End PBXFileReference section */

/* Begin PBXFrameworksBuildPhase section */
		2986A10B1E85121000CDF250 /* Frameworks */ = {
			isa = PBXFrameworksBuildPhase;
			buildActionMask = 2147483647;
			files = (
			);
			runOnlyForDeploymentPostprocessing = 0;
		};
		2986A1221E85121100CDF250 /* Frameworks */ = {
			isa = PBXFrameworksBuildPhase;
			buildActionMask = 2147483647;
			files = (
			);
			runOnlyForDeploymentPostprocessing = 0;
		};
		2986A12D1E85121100CDF250 /* Frameworks */ = {
			isa = PBXFrameworksBuildPhase;
			buildActionMask = 2147483647;
			files = (
			);
			runOnlyForDeploymentPostprocessing = 0;
		};
/* End PBXFrameworksBuildPhase section */

/* Begin PBXGroup section */
		2986A1051E85121000CDF250 = {
			isa = PBXGroup;
			children = (
				2986A1101E85121000CDF250 /* HitList */,
				2986A1281E85121100CDF250 /* HitListTests */,
				2986A1331E85121100CDF250 /* HitListUITests */,
				2986A10F1E85121000CDF250 /* Products */,
			);
			sourceTree = "<group>";
		};
		2986A10F1E85121000CDF250 /* Products */ = {
			isa = PBXGroup;
			children = (
				2986A10E1E85121000CDF250 /* HitList.app */,
				2986A1251E85121100CDF250 /* HitListTests.xctest */,
				2986A1301E85121100CDF250 /* HitListUITests.xctest */,
			);
			name = Products;
			sourceTree = "<group>";
		};
		2986A1101E85121000CDF250 /* HitList */ = {
			isa = PBXGroup;
			children = (
				2986A1111E85121000CDF250 /* AppDelegate.swift */,
				2986A1131E85121000CDF250 /* ViewController.swift */,
				2986A1421E85211900CDF250 /* DetailViewController.swift */,
				2986A1151E85121000CDF250 /* Main.storyboard */,
				2986A11B1E85121000CDF250 /* Assets.xcassets */,
				2986A11D1E85121000CDF250 /* LaunchScreen.storyboard */,
				2986A1201E85121000CDF250 /* Info.plist */,
				2986A1181E85121000CDF250 /* HitList.xcdatamodeld */,
			);
			path = HitList;
			sourceTree = "<group>";
		};
		2986A1281E85121100CDF250 /* HitListTests */ = {
			isa = PBXGroup;
			children = (
				2986A1291E85121100CDF250 /* HitListTests.swift */,
				2986A12B1E85121100CDF250 /* Info.plist */,
			);
			path = HitListTests;
			sourceTree = "<group>";
		};
		2986A1331E85121100CDF250 /* HitListUITests */ = {
			isa = PBXGroup;
			children = (
				2986A1341E85121100CDF250 /* HitListUITests.swift */,
				2986A1361E85121100CDF250 /* Info.plist */,
			);
			path = HitListUITests;
			sourceTree = "<group>";
		};
/* End PBXGroup section */

/* Begin PBXNativeTarget section */
		2986A10D1E85121000CDF250 /* HitList */ = {
			isa = PBXNativeTarget;
			buildConfigurationList = 2986A1391E85121100CDF250 /* Build configuration list for PBXNativeTarget "HitList" */;
			buildPhases = (
				2986A10A1E85121000CDF250 /* Sources */,
				2986A10B1E85121000CDF250 /* Frameworks */,
				2986A10C1E85121000CDF250 /* Resources */,
			);
			buildRules = (
			);
			dependencies = (
			);
			name = HitList;
			productName = HitList;
			productReference = 2986A10E1E85121000CDF250 /* HitList.app */;
			productType = "com.apple.product-type.application";
		};
		2986A1241E85121100CDF250 /* HitListTests */ = {
			isa = PBXNativeTarget;
			buildConfigurationList = 2986A13C1E85121100CDF250 /* Build configuration list for PBXNativeTarget "HitListTests" */;
			buildPhases = (
				2986A1211E85121100CDF250 /* Sources */,
				2986A1221E85121100CDF250 /* Frameworks */,
				2986A1231E85121100CDF250 /* Resources */,
			);
			buildRules = (
			);
			dependencies = (
				2986A1271E85121100CDF250 /* PBXTargetDependency */,
			);
			name = HitListTests;
			productName = HitListTests;
			productReference = 2986A1251E85121100CDF250 /* HitListTests.xctest */;
			productType = "com.apple.product-type.bundle.unit-test";
		};
		2986A12F1E85121100CDF250 /* HitListUITests */ = {
			isa = PBXNativeTarget;
			buildConfigurationList = 2986A13F1E85121100CDF250 /* Build configuration list for PBXNativeTarget "HitListUITests" */;
			buildPhases = (
				2986A12C1E85121100CDF250 /* Sources */,
				2986A12D1E85121100CDF250 /* Frameworks */,
				2986A12E1E85121100CDF250 /* Resources */,
			);
			buildRules = (
			);
			dependencies = (
				2986A1321E85121100CDF250 /* PBXTargetDependency */,
			);
			name = HitListUITests;
			productName = HitListUITests;
			productReference = 2986A1301E85121100CDF250 /* HitListUITests.xctest */;
			productType = "com.apple.product-type.bundle.ui-testing";
		};
/* End PBXNativeTarget section */

/* Begin PBXProject section */
		2986A1061E85121000CDF250 /* Project object */ = {
			isa = PBXProject;
			attributes = {
				LastSwiftUpdateCheck = 0820;
				LastUpgradeCheck = 0820;
				ORGANIZATIONNAME = chinsyo;
				TargetAttributes = {
					2986A10D1E85121000CDF250 = {
						CreatedOnToolsVersion = 8.2.1;
						DevelopmentTeam = 47L2X4ENKF;
						ProvisioningStyle = Automatic;
					};
					2986A1241E85121100CDF250 = {
						CreatedOnToolsVersion = 8.2.1;
						DevelopmentTeam = 47L2X4ENKF;
						ProvisioningStyle = Automatic;
						TestTargetID = 2986A10D1E85121000CDF250;
					};
					2986A12F1E85121100CDF250 = {
						CreatedOnToolsVersion = 8.2.1;
						DevelopmentTeam = 47L2X4ENKF;
						ProvisioningStyle = Automatic;
						TestTargetID = 2986A10D1E85121000CDF250;
					};
				};
			};
			buildConfigurationList = 2986A1091E85121000CDF250 /* Build configuration list for PBXProject "HitList" */;
			compatibilityVersion = "Xcode 3.2";
			developmentRegion = English;
			hasScannedForEncodings = 0;
			knownRegions = (
				en,
				Base,
			);
			mainGroup = 2986A1051E85121000CDF250;
			productRefGroup = 2986A10F1E85121000CDF250 /* Products */;
			projectDirPath = "";
			projectRoot = "";
			targets = (
				2986A10D1E85121000CDF250 /* HitList */,
				2986A1241E85121100CDF250 /* HitListTests */,
				2986A12F1E85121100CDF250 /* HitListUITests */,
			);
		};
/* End PBXProject section */

/* Begin PBXResourcesBuildPhase section */
		2986A10C1E85121000CDF250 /* Resources */ = {
			isa = PBXResourcesBuildPhase;
			buildActionMask = 2147483647;
			files = (
				2986A11F1E85121000CDF250 /* LaunchScreen.storyboard in Resources */,
				2986A11C1E85121000CDF250 /* Assets.xcassets in Resources */,
				2986A1171E85121000CDF250 /* Main.storyboard in Resources */,
			);
			runOnlyForDeploymentPostprocessing = 0;
		};
		2986A1231E85121100CDF250 /* Resources */ = {
			isa = PBXResourcesBuildPhase;
			buildActionMask = 2147483647;
			files = (
			);
			runOnlyForDeploymentPostprocessing = 0;
		};
		2986A12E1E85121100CDF250 /* Resources */ = {
			isa = PBXResourcesBuildPhase;
			buildActionMask = 2147483647;
			files = (
			);
			runOnlyForDeploymentPostprocessing = 0;
		};
/* End PBXResourcesBuildPhase section */

/* Begin PBXSourcesBuildPhase section */
		2986A10A1E85121000CDF250 /* Sources */ = {
			isa = PBXSourcesBuildPhase;
			buildActionMask = 2147483647;
			files = (
				2986A11A1E85121000CDF250 /* HitList.xcdatamodeld in Sources */,
				2986A1141E85121000CDF250 /* ViewController.swift in Sources */,
				2986A1121E85121000CDF250 /* AppDelegate.swift in Sources */,
				2986A1431E85211900CDF250 /* DetailViewController.swift in Sources */,
			);
			runOnlyForDeploymentPostprocessing = 0;
		};
		2986A1211E85121100CDF250 /* Sources */ = {
			isa = PBXSourcesBuildPhase;
			buildActionMask = 2147483647;
			files = (
				2986A12A1E85121100CDF250 /* HitListTests.swift in Sources */,
			);
			runOnlyForDeploymentPostprocessing = 0;
		};
		2986A12C1E85121100CDF250 /* Sources */ = {
			isa = PBXSourcesBuildPhase;
			buildActionMask = 2147483647;
			files = (
				2986A1351E85121100CDF250 /* HitListUITests.swift in Sources */,
			);
			runOnlyForDeploymentPostprocessing = 0;
		};
/* End PBXSourcesBuildPhase section */

/* Begin PBXTargetDependency section */
		2986A1271E85121100CDF250 /* PBXTargetDependency */ = {
			isa = PBXTargetDependency;
			target = 2986A10D1E85121000CDF250 /* HitList */;
			targetProxy = 2986A1261E85121100CDF250 /* PBXContainerItemProxy */;
		};
		2986A1321E85121100CDF250 /* PBXTargetDependency */ = {
			isa = PBXTargetDependency;
			target = 2986A10D1E85121000CDF250 /* HitList */;
			targetProxy = 2986A1311E85121100CDF250 /* PBXContainerItemProxy */;
		};
/* End PBXTargetDependency section */

/* Begin PBXVariantGroup section */
		2986A1151E85121000CDF250 /* Main.storyboard */ = {
			isa = PBXVariantGroup;
			children = (
				2986A1161E85121000CDF250 /* Base */,
			);
			name = Main.storyboard;
			sourceTree = "<group>";
		};
		2986A11D1E85121000CDF250 /* LaunchScreen.storyboard */ = {
			isa = PBXVariantGroup;
			children = (
				2986A11E1E85121000CDF250 /* Base */,
			);
			name = LaunchScreen.storyboard;
			sourceTree = "<group>";
		};
/* End PBXVariantGroup section */

/* Begin XCBuildConfiguration section */
		2986A1371E85121100CDF250 /* Debug */ = {
			isa = XCBuildConfiguration;
			buildSettings = {
				ALWAYS_SEARCH_USER_PATHS = NO;
				CLANG_ANALYZER_NONNULL = YES;
				CLANG_CXX_LANGUAGE_STANDARD = "gnu++0x";
				CLANG_CXX_LIBRARY = "libc++";
				CLANG_ENABLE_MODULES = YES;
				CLANG_ENABLE_OBJC_ARC = YES;
				CLANG_WARN_BOOL_CONVERSION = YES;
				CLANG_WARN_CONSTANT_CONVERSION = YES;
				CLANG_WARN_DIRECT_OBJC_ISA_USAGE = YES_ERROR;
				CLANG_WARN_DOCUMENTATION_COMMENTS = YES;
				CLANG_WARN_EMPTY_BODY = YES;
				CLANG_WARN_ENUM_CONVERSION = YES;
				CLANG_WARN_INFINITE_RECURSION = YES;
				CLANG_WARN_INT_CONVERSION = YES;
				CLANG_WARN_OBJC_ROOT_CLASS = YES_ERROR;
				CLANG_WARN_SUSPICIOUS_MOVE = YES;
				CLANG_WARN_UNREACHABLE_CODE = YES;
				CLANG_WARN__DUPLICATE_METHOD_MATCH = YES;
				"CODE_SIGN_IDENTITY[sdk=iphoneos*]" = "iPhone Developer";
				COPY_PHASE_STRIP = NO;
				DEBUG_INFORMATION_FORMAT = dwarf;
				ENABLE_STRICT_OBJC_MSGSEND = YES;
				ENABLE_TESTABILITY = YES;
				GCC_C_LANGUAGE_STANDARD = gnu99;
				GCC_DYNAMIC_NO_PIC = NO;
				GCC_NO_COMMON_BLOCKS = YES;
				GCC_OPTIMIZATION_LEVEL = 0;
				GCC_PREPROCESSOR_DEFINITIONS = (
					"DEBUG=1",
					"$(inherited)",
				);
				GCC_WARN_64_TO_32_BIT_CONVERSION = YES;
				GCC_WARN_ABOUT_RETURN_TYPE = YES_ERROR;
				GCC_WARN_UNDECLARED_SELECTOR = YES;
				GCC_WARN_UNINITIALIZED_AUTOS = YES_AGGRESSIVE;
				GCC_WARN_UNUSED_FUNCTION = YES;
				GCC_WARN_UNUSED_VARIABLE = YES;
				IPHONEOS_DEPLOYMENT_TARGET = 10.2;
				MTL_ENABLE_DEBUG_INFO = YES;
				ONLY_ACTIVE_ARCH = YES;
				SDKROOT = iphoneos;
				SWIFT_ACTIVE_COMPILATION_CONDITIONS = DEBUG;
				SWIFT_OPTIMIZATION_LEVEL = "-Onone";
				TARGETED_DEVICE_FAMILY = "1,2";
			};
			name = Debug;
		};
		2986A1381E85121100CDF250 /* Release */ = {
			isa = XCBuildConfiguration;
			buildSettings = {
				ALWAYS_SEARCH_USER_PATHS = NO;
				CLANG_ANALYZER_NONNULL = YES;
				CLANG_CXX_LANGUAGE_STANDARD = "gnu++0x";
				CLANG_CXX_LIBRARY = "libc++";
				CLANG_ENABLE_MODULES = YES;
				CLANG_ENABLE_OBJC_ARC = YES;
				CLANG_WARN_BOOL_CONVERSION = YES;
				CLANG_WARN_CONSTANT_CONVERSION = YES;
				CLANG_WARN_DIRECT_OBJC_ISA_USAGE = YES_ERROR;
				CLANG_WARN_DOCUMENTATION_COMMENTS = YES;
				CLANG_WARN_EMPTY_BODY = YES;
				CLANG_WARN_ENUM_CONVERSION = YES;
				CLANG_WARN_INFINITE_RECURSION = YES;
				CLANG_WARN_INT_CONVERSION = YES;
				CLANG_WARN_OBJC_ROOT_CLASS = YES_ERROR;
				CLANG_WARN_SUSPICIOUS_MOVE = YES;
				CLANG_WARN_UNREACHABLE_CODE = YES;
				CLANG_WARN__DUPLICATE_METHOD_MATCH = YES;
				"CODE_SIGN_IDENTITY[sdk=iphoneos*]" = "iPhone Developer";
				COPY_PHASE_STRIP = NO;
				DEBUG_INFORMATION_FORMAT = "dwarf-with-dsym";
				ENABLE_NS_ASSERTIONS = NO;
				ENABLE_STRICT_OBJC_MSGSEND = YES;
				GCC_C_LANGUAGE_STANDARD = gnu99;
				GCC_NO_COMMON_BLOCKS = YES;
				GCC_WARN_64_TO_32_BIT_CONVERSION = YES;
				GCC_WARN_ABOUT_RETURN_TYPE = YES_ERROR;
				GCC_WARN_UNDECLARED_SELECTOR = YES;
				GCC_WARN_UNINITIALIZED_AUTOS = YES_AGGRESSIVE;
				GCC_WARN_UNUSED_FUNCTION = YES;
				GCC_WARN_UNUSED_VARIABLE = YES;
				IPHONEOS_DEPLOYMENT_TARGET = 10.2;
				MTL_ENABLE_DEBUG_INFO = NO;
				SDKROOT = iphoneos;
				SWIFT_OPTIMIZATION_LEVEL = "-Owholemodule";
				TARGETED_DEVICE_FAMILY = "1,2";
				VALIDATE_PRODUCT = YES;
			};
			name = Release;
		};
		2986A13A1E85121100CDF250 /* Debug */ = {
			isa = XCBuildConfiguration;
			buildSettings = {
				ASSETCATALOG_COMPILER_APPICON_NAME = AppIcon;
				DEVELOPMENT_TEAM = 47L2X4ENKF;
				INFOPLIST_FILE = HitList/Info.plist;
				IPHONEOS_DEPLOYMENT_TARGET = 10.0;
				LD_RUNPATH_SEARCH_PATHS = "$(inherited) @executable_path/Frameworks";
				PRODUCT_BUNDLE_IDENTIFIER = com.chinsyo.HitList;
				PRODUCT_NAME = "$(TARGET_NAME)";
				SWIFT_VERSION = 3.0;
			};
			name = Debug;
		};
		2986A13B1E85121100CDF250 /* Release */ = {
			isa = XCBuildConfiguration;
			buildSettings = {
				ASSETCATALOG_COMPILER_APPICON_NAME = AppIcon;
				DEVELOPMENT_TEAM = 47L2X4ENKF;
				INFOPLIST_FILE = HitList/Info.plist;
				IPHONEOS_DEPLOYMENT_TARGET = 10.0;
				LD_RUNPATH_SEARCH_PATHS = "$(inherited) @executable_path/Frameworks";
				PRODUCT_BUNDLE_IDENTIFIER = com.chinsyo.HitList;
				PRODUCT_NAME = "$(TARGET_NAME)";
				SWIFT_VERSION = 3.0;
			};
			name = Release;
		};
		2986A13D1E85121100CDF250 /* Debug */ = {
			isa = XCBuildConfiguration;
			buildSettings = {
				ALWAYS_EMBED_SWIFT_STANDARD_LIBRARIES = YES;
				BUNDLE_LOADER = "$(TEST_HOST)";
				DEVELOPMENT_TEAM = 47L2X4ENKF;
				INFOPLIST_FILE = HitListTests/Info.plist;
				LD_RUNPATH_SEARCH_PATHS = "$(inherited) @executable_path/Frameworks @loader_path/Frameworks";
				PRODUCT_BUNDLE_IDENTIFIER = com.chinsyo.HitListTests;
				PRODUCT_NAME = "$(TARGET_NAME)";
				SWIFT_VERSION = 3.0;
				TEST_HOST = "$(BUILT_PRODUCTS_DIR)/HitList.app/HitList";
			};
			name = Debug;
		};
		2986A13E1E85121100CDF250 /* Release */ = {
			isa = XCBuildConfiguration;
			buildSettings = {
				ALWAYS_EMBED_SWIFT_STANDARD_LIBRARIES = YES;
				BUNDLE_LOADER = "$(TEST_HOST)";
				DEVELOPMENT_TEAM = 47L2X4ENKF;
				INFOPLIST_FILE = HitListTests/Info.plist;
				LD_RUNPATH_SEARCH_PATHS = "$(inherited) @executable_path/Frameworks @loader_path/Frameworks";
				PRODUCT_BUNDLE_IDENTIFIER = com.chinsyo.HitListTests;
				PRODUCT_NAME = "$(TARGET_NAME)";
				SWIFT_VERSION = 3.0;
				TEST_HOST = "$(BUILT_PRODUCTS_DIR)/HitList.app/HitList";
			};
			name = Release;
		};
		2986A1401E85121100CDF250 /* Debug */ = {
			isa = XCBuildConfiguration;
			buildSettings = {
				ALWAYS_EMBED_SWIFT_STANDARD_LIBRARIES = YES;
				DEVELOPMENT_TEAM = 47L2X4ENKF;
				INFOPLIST_FILE = HitListUITests/Info.plist;
				LD_RUNPATH_SEARCH_PATHS = "$(inherited) @executable_path/Frameworks @loader_path/Frameworks";
				PRODUCT_BUNDLE_IDENTIFIER = com.chinsyo.HitListUITests;
				PRODUCT_NAME = "$(TARGET_NAME)";
				SWIFT_VERSION = 3.0;
				TEST_TARGET_NAME = HitList;
			};
			name = Debug;
		};
		2986A1411E85121100CDF250 /* Release */ = {
			isa = XCBuildConfiguration;
			buildSettings = {
				ALWAYS_EMBED_SWIFT_STANDARD_LIBRARIES = YES;
				DEVELOPMENT_TEAM = 47L2X4ENKF;
				INFOPLIST_FILE = HitListUITests/Info.plist;
				LD_RUNPATH_SEARCH_PATHS = "$(inherited) @executable_path/Frameworks @loader_path/Frameworks";
				PRODUCT_BUNDLE_IDENTIFIER = com.chinsyo.HitListUITests;
				PRODUCT_NAME = "$(TARGET_NAME)";
				SWIFT_VERSION = 3.0;
				TEST_TARGET_NAME = HitList;
			};
			name = Release;
		};
/* End XCBuildConfiguration section */

/* Begin XCConfigurationList section */
		2986A1091E85121000CDF250 /* Build configuration list for PBXProject "HitList" */ = {
			isa = XCConfigurationList;
			buildConfigurations = (
				2986A1371E85121100CDF250 /* Debug */,
				2986A1381E85121100CDF250 /* Release */,
			);
			defaultConfigurationIsVisible = 0;
			defaultConfigurationName = Release;
		};
		2986A1391E85121100CDF250 /* Build configuration list for PBXNativeTarget "HitList" */ = {
			isa = XCConfigurationList;
			buildConfigurations = (
				2986A13A1E85121100CDF250 /* Debug */,
				2986A13B1E85121100CDF250 /* Release */,
			);
			defaultConfigurationIsVisible = 0;
		};
		2986A13C1E85121100CDF250 /* Build configuration list for PBXNativeTarget "HitListTests" */ = {
			isa = XCConfigurationList;
			buildConfigurations = (
				2986A13D1E85121100CDF250 /* Debug */,
				2986A13E1E85121100CDF250 /* Release */,
			);
			defaultConfigurationIsVisible = 0;
		};
		2986A13F1E85121100CDF250 /* Build configuration list for PBXNativeTarget "HitListUITests" */ = {
			isa = XCConfigurationList;
			buildConfigurations = (
				2986A1401E85121100CDF250 /* Debug */,
				2986A1411E85121100CDF250 /* Release */,
			);
			defaultConfigurationIsVisible = 0;
		};
/* End XCConfigurationList section */

/* Begin XCVersionGroup section */
		2986A1181E85121000CDF250 /* HitList.xcdatamodeld */ = {
			isa = XCVersionGroup;
			children = (
				2986A1191E85121000CDF250 /* HitList.xcdatamodel */,
			);
			currentVersion = 2986A1191E85121000CDF250 /* HitList.xcdatamodel */;
			path = HitList.xcdatamodeld;
			sourceTree = "<group>";
			versionGroupType = wrapper.xcdatamodel;
		};
/* End XCVersionGroup section */
	};
	rootObject = 2986A1061E85121000CDF250 /* Project object */;
}
